// !$*UTF8*$!
{
	archiveVersion = 1;
	classes = {
	};
	objectVersion = 50;
	objects = {

/* Begin PBXBuildFile section */
		9B3A129625167B43009F4750 /* landmarkData.json in Resources */ = {isa = PBXBuildFile; fileRef = 9B3A129525167B43009F4750 /* landmarkData.json */; };
		9B3A129825167BF3009F4750 /* LandmarkRow.swift in Sources */ = {isa = PBXBuildFile; fileRef = 9B3A129725167BF3009F4750 /* LandmarkRow.swift */; };
		9B3A129A25167DF6009F4750 /* LandmarkList.swift in Sources */ = {isa = PBXBuildFile; fileRef = 9B3A129925167DF6009F4750 /* LandmarkList.swift */; };
		9B3A129C251680B0009F4750 /* Data.swift in Sources */ = {isa = PBXBuildFile; fileRef = 9B3A129B251680B0009F4750 /* Data.swift */; };
		9B6BA78A25155BE800CA2C4C /* LandmarksApp.swift in Sources */ = {isa = PBXBuildFile; fileRef = 9B6BA78925155BE800CA2C4C /* LandmarksApp.swift */; };
		9B6BA78C25155BE800CA2C4C /* LandmarkDetail.swift in Sources */ = {isa = PBXBuildFile; fileRef = 9B6BA78B25155BE800CA2C4C /* LandmarkDetail.swift */; };
		9B6BA78E25155BEC00CA2C4C /* Assets.xcassets in Resources */ = {isa = PBXBuildFile; fileRef = 9B6BA78D25155BEC00CA2C4C /* Assets.xcassets */; };
		9B6BA79125155BEC00CA2C4C /* Preview Assets.xcassets in Resources */ = {isa = PBXBuildFile; fileRef = 9B6BA79025155BEC00CA2C4C /* Preview Assets.xcassets */; };
		9B6BA799251561A600CA2C4C /* CircleImage.swift in Sources */ = {isa = PBXBuildFile; fileRef = 9B6BA798251561A600CA2C4C /* CircleImage.swift */; };
		9B6BA79B251564AE00CA2C4C /* MapView.swift in Sources */ = {isa = PBXBuildFile; fileRef = 9B6BA79A251564AE00CA2C4C /* MapView.swift */; };
		9B6BA79E2515704800CA2C4C /* Landmark.swift in Sources */ = {isa = PBXBuildFile; fileRef = 9B6BA79D2515704800CA2C4C /* Landmark.swift */; };
		9BA910CD2516875B002C85CD /* stmarylake.jpg in Resources */ = {isa = PBXBuildFile; fileRef = 9BA910C12516875A002C85CD /* stmarylake.jpg */; };
		9BA910CE2516875B002C85CD /* yukon_charleyrivers.jpg in Resources */ = {isa = PBXBuildFile; fileRef = 9BA910C22516875A002C85CD /* yukon_charleyrivers.jpg */; };
		9BA910CF2516875B002C85CD /* chincoteague.jpg in Resources */ = {isa = PBXBuildFile; fileRef = 9BA910C32516875A002C85CD /* chincoteague.jpg */; };
		9BA910D02516875B002C85CD /* icybay.jpg in Resources */ = {isa = PBXBuildFile; fileRef = 9BA910C42516875A002C85CD /* icybay.jpg */; };
		9BA910D12516875B002C85CD /* lakemcdonald.jpg in Resources */ = {isa = PBXBuildFile; fileRef = 9BA910C52516875A002C85CD /* lakemcdonald.jpg */; };
		9BA910D22516875B002C85CD /* twinlake.jpg in Resources */ = {isa = PBXBuildFile; fileRef = 9BA910C62516875A002C85CD /* twinlake.jpg */; };
		9BA910D32516875B002C85CD /* rainbowlake.jpg in Resources */ = {isa = PBXBuildFile; fileRef = 9BA910C72516875A002C85CD /* rainbowlake.jpg */; };
		9BA910D42516875B002C85CD /* umbagog.jpg in Resources */ = {isa = PBXBuildFile; fileRef = 9BA910C82516875A002C85CD /* umbagog.jpg */; };
		9BA910D52516875B002C85CD /* silversalmoncreek.jpg in Resources */ = {isa = PBXBuildFile; fileRef = 9BA910C92516875A002C85CD /* silversalmoncreek.jpg */; };
		9BA910D62516875B002C85CD /* chilkoottrail.jpg in Resources */ = {isa = PBXBuildFile; fileRef = 9BA910CA2516875A002C85CD /* chilkoottrail.jpg */; };
		9BA910D72516875B002C85CD /* hiddenlake.jpg in Resources */ = {isa = PBXBuildFile; fileRef = 9BA910CB2516875A002C85CD /* hiddenlake.jpg */; };
		9BA910D82516875B002C85CD /* turtlerock.jpg in Resources */ = {isa = PBXBuildFile; fileRef = 9BA910CC2516875A002C85CD /* turtlerock.jpg */; };
/* End PBXBuildFile section */

/* Begin PBXFileReference section */
		9B3A129525167B43009F4750 /* landmarkData.json */ = {isa = PBXFileReference; fileEncoding = 4; lastKnownFileType = text.json; path = landmarkData.json; sourceTree = "<group>"; };
		9B3A129725167BF3009F4750 /* LandmarkRow.swift */ = {isa = PBXFileReference; lastKnownFileType = sourcecode.swift; path = LandmarkRow.swift; sourceTree = "<group>"; };
		9B3A129925167DF6009F4750 /* LandmarkList.swift */ = {isa = PBXFileReference; lastKnownFileType = sourcecode.swift; path = LandmarkList.swift; sourceTree = "<group>"; };
		9B3A129B251680B0009F4750 /* Data.swift */ = {isa = PBXFileReference; lastKnownFileType = sourcecode.swift; path = Data.swift; sourceTree = "<group>"; };
		9B6BA78625155BE800CA2C4C /* Landmarks.app */ = {isa = PBXFileReference; explicitFileType = wrapper.application; includeInIndex = 0; path = Landmarks.app; sourceTree = BUILT_PRODUCTS_DIR; };
		9B6BA78925155BE800CA2C4C /* LandmarksApp.swift */ = {isa = PBXFileReference; lastKnownFileType = sourcecode.swift; path = LandmarksApp.swift; sourceTree = "<group>"; };
		9B6BA78B25155BE800CA2C4C /* LandmarkDetail.swift */ = {isa = PBXFileReference; lastKnownFileType = sourcecode.swift; path = LandmarkDetail.swift; sourceTree = "<group>"; };
		9B6BA78D25155BEC00CA2C4C /* Assets.xcassets */ = {isa = PBXFileReference; lastKnownFileType = folder.assetcatalog; path = Assets.xcassets; sourceTree = "<group>"; };
		9B6BA79025155BEC00CA2C4C /* Preview Assets.xcassets */ = {isa = PBXFileReference; lastKnownFileType = folder.assetcatalog; path = "Preview Assets.xcassets"; sourceTree = "<group>"; };
		9B6BA79225155BEC00CA2C4C /* Info.plist */ = {isa = PBXFileReference; lastKnownFileType = text.plist.xml; path = Info.plist; sourceTree = "<group>"; };
		9B6BA798251561A600CA2C4C /* CircleImage.swift */ = {isa = PBXFileReference; lastKnownFileType = sourcecode.swift; path = CircleImage.swift; sourceTree = "<group>"; };
		9B6BA79A251564AE00CA2C4C /* MapView.swift */ = {isa = PBXFileReference; lastKnownFileType = sourcecode.swift; path = MapView.swift; sourceTree = "<group>"; };
		9B6BA79D2515704800CA2C4C /* Landmark.swift */ = {isa = PBXFileReference; lastKnownFileType = sourcecode.swift; path = Landmark.swift; sourceTree = "<group>"; };
		9BA910C12516875A002C85CD /* stmarylake.jpg */ = {isa = PBXFileReference; lastKnownFileType = image.jpeg; path = stmarylake.jpg; sourceTree = "<group>"; };
		9BA910C22516875A002C85CD /* yukon_charleyrivers.jpg */ = {isa = PBXFileReference; lastKnownFileType = image.jpeg; path = yukon_charleyrivers.jpg; sourceTree = "<group>"; };
		9BA910C32516875A002C85CD /* chincoteague.jpg */ = {isa = PBXFileReference; lastKnownFileType = image.jpeg; path = chincoteague.jpg; sourceTree = "<group>"; };
		9BA910C42516875A002C85CD /* icybay.jpg */ = {isa = PBXFileReference; lastKnownFileType = image.jpeg; path = icybay.jpg; sourceTree = "<group>"; };
		9BA910C52516875A002C85CD /* lakemcdonald.jpg */ = {isa = PBXFileReference; lastKnownFileType = image.jpeg; path = lakemcdonald.jpg; sourceTree = "<group>"; };
		9BA910C62516875A002C85CD /* twinlake.jpg */ = {isa = PBXFileReference; lastKnownFileType = image.jpeg; path = twinlake.jpg; sourceTree = "<group>"; };
		9BA910C72516875A002C85CD /* rainbowlake.jpg */ = {isa = PBXFileReference; lastKnownFileType = image.jpeg; path = rainbowlake.jpg; sourceTree = "<group>"; };
		9BA910C82516875A002C85CD /* umbagog.jpg */ = {isa = PBXFileReference; lastKnownFileType = image.jpeg; path = umbagog.jpg; sourceTree = "<group>"; };
		9BA910C92516875A002C85CD /* silversalmoncreek.jpg */ = {isa = PBXFileReference; lastKnownFileType = image.jpeg; path = silversalmoncreek.jpg; sourceTree = "<group>"; };
		9BA910CA2516875A002C85CD /* chilkoottrail.jpg */ = {isa = PBXFileReference; lastKnownFileType = image.jpeg; path = chilkoottrail.jpg; sourceTree = "<group>"; };
		9BA910CB2516875A002C85CD /* hiddenlake.jpg */ = {isa = PBXFileReference; lastKnownFileType = image.jpeg; path = hiddenlake.jpg; sourceTree = "<group>"; };
		9BA910CC2516875A002C85CD /* turtlerock.jpg */ = {isa = PBXFileReference; lastKnownFileType = image.jpeg; path = turtlerock.jpg; sourceTree = "<group>"; };
/* End PBXFileReference section */

/* Begin PBXFrameworksBuildPhase section */
		9B6BA78325155BE800CA2C4C /* Frameworks */ = {
			isa = PBXFrameworksBuildPhase;
			buildActionMask = 2147483647;
			files = (
			);
			runOnlyForDeploymentPostprocessing = 0;
		};
/* End PBXFrameworksBuildPhase section */

/* Begin PBXGroup section */
		9B3A129425167B35009F4750 /* Resources */ = {
			isa = PBXGroup;
			children = (
				9BA910CA2516875A002C85CD /* chilkoottrail.jpg */,
				9BA910C32516875A002C85CD /* chincoteague.jpg */,
				9BA910CB2516875A002C85CD /* hiddenlake.jpg */,
				9BA910C42516875A002C85CD /* icybay.jpg */,
				9BA910C52516875A002C85CD /* lakemcdonald.jpg */,
				9BA910C72516875A002C85CD /* rainbowlake.jpg */,
				9BA910C92516875A002C85CD /* silversalmoncreek.jpg */,
				9BA910C12516875A002C85CD /* stmarylake.jpg */,
				9BA910CC2516875A002C85CD /* turtlerock.jpg */,
				9BA910C62516875A002C85CD /* twinlake.jpg */,
				9BA910C82516875A002C85CD /* umbagog.jpg */,
				9BA910C22516875A002C85CD /* yukon_charleyrivers.jpg */,
				9B3A129525167B43009F4750 /* landmarkData.json */,
			);
			path = Resources;
			sourceTree = "<group>";
		};
		9B6BA77D25155BE800CA2C4C = {
			isa = PBXGroup;
			children = (
				9B6BA78825155BE800CA2C4C /* Landmarks */,
				9B6BA78725155BE800CA2C4C /* Products */,
			);
			sourceTree = "<group>";
		};
		9B6BA78725155BE800CA2C4C /* Products */ = {
			isa = PBXGroup;
			children = (
				9B6BA78625155BE800CA2C4C /* Landmarks.app */,
			);
			name = Products;
			sourceTree = "<group>";
		};
		9B6BA78825155BE800CA2C4C /* Landmarks */ = {
			isa = PBXGroup;
			children = (
				9B3A129425167B35009F4750 /* Resources */,
				9B6BA79C2515703200CA2C4C /* Models */,
				9B6BA78925155BE800CA2C4C /* LandmarksApp.swift */,
				9B3A129925167DF6009F4750 /* LandmarkList.swift */,
				9B6BA78B25155BE800CA2C4C /* LandmarkDetail.swift */,
				9B3A129725167BF3009F4750 /* LandmarkRow.swift */,
				9B6BA78D25155BEC00CA2C4C /* Assets.xcassets */,
				9B6BA79225155BEC00CA2C4C /* Info.plist */,
				9B6BA78F25155BEC00CA2C4C /* Preview Content */,
				9B6BA798251561A600CA2C4C /* CircleImage.swift */,
				9B6BA79A251564AE00CA2C4C /* MapView.swift */,
			);
			path = Landmarks;
			sourceTree = "<group>";
		};
		9B6BA78F25155BEC00CA2C4C /* Preview Content */ = {
			isa = PBXGroup;
			children = (
				9B6BA79025155BEC00CA2C4C /* Preview Assets.xcassets */,
			);
			path = "Preview Content";
			sourceTree = "<group>";
		};
		9B6BA79C2515703200CA2C4C /* Models */ = {
			isa = PBXGroup;
			children = (
				9B6BA79D2515704800CA2C4C /* Landmark.swift */,
				9B3A129B251680B0009F4750 /* Data.swift */,
			);
			path = Models;
			sourceTree = "<group>";
		};
/* End PBXGroup section */

/* Begin PBXNativeTarget section */
		9B6BA78525155BE800CA2C4C /* Landmarks */ = {
			isa = PBXNativeTarget;
			buildConfigurationList = 9B6BA79525155BEC00CA2C4C /* Build configuration list for PBXNativeTarget "Landmarks" */;
			buildPhases = (
				9B6BA78225155BE800CA2C4C /* Sources */,
				9B6BA78325155BE800CA2C4C /* Frameworks */,
				9B6BA78425155BE800CA2C4C /* Resources */,
			);
			buildRules = (
			);
			dependencies = (
			);
			name = Landmarks;
			productName = Landmarks;
			productReference = 9B6BA78625155BE800CA2C4C /* Landmarks.app */;
			productType = "com.apple.product-type.application";
		};
/* End PBXNativeTarget section */

/* Begin PBXProject section */
		9B6BA77E25155BE800CA2C4C /* Project object */ = {
			isa = PBXProject;
			attributes = {
				LastSwiftUpdateCheck = 1200;
				LastUpgradeCheck = 1200;
				TargetAttributes = {
					9B6BA78525155BE800CA2C4C = {
						CreatedOnToolsVersion = 12.0;
					};
				};
			};
			buildConfigurationList = 9B6BA78125155BE800CA2C4C /* Build configuration list for PBXProject "Landmarks" */;
			compatibilityVersion = "Xcode 9.3";
			developmentRegion = en;
			hasScannedForEncodings = 0;
			knownRegions = (
				en,
				Base,
			);
			mainGroup = 9B6BA77D25155BE800CA2C4C;
			productRefGroup = 9B6BA78725155BE800CA2C4C /* Products */;
			projectDirPath = "";
			projectRoot = "";
			targets = (
				9B6BA78525155BE800CA2C4C /* Landmarks */,
			);
		};
/* End PBXProject section */

/* Begin PBXResourcesBuildPhase section */
		9B6BA78425155BE800CA2C4C /* Resources */ = {
			isa = PBXResourcesBuildPhase;
			buildActionMask = 2147483647;
			files = (
				9BA910CF2516875B002C85CD /* chincoteague.jpg in Resources */,
				9BA910D32516875B002C85CD /* rainbowlake.jpg in Resources */,
				9B6BA79125155BEC00CA2C4C /* Preview Assets.xcassets in Resources */,
				9B6BA78E25155BEC00CA2C4C /* Assets.xcassets in Resources */,
				9BA910CD2516875B002C85CD /* stmarylake.jpg in Resources */,
				9B3A129625167B43009F4750 /* landmarkData.json in Resources */,
				9BA910D72516875B002C85CD /* hiddenlake.jpg in Resources */,
				9BA910D62516875B002C85CD /* chilkoottrail.jpg in Resources */,
				9BA910D02516875B002C85CD /* icybay.jpg in Resources */,
				9BA910D22516875B002C85CD /* twinlake.jpg in Resources */,
				9BA910D12516875B002C85CD /* lakemcdonald.jpg in Resources */,
				9BA910D52516875B002C85CD /* silversalmoncreek.jpg in Resources */,
				9BA910D42516875B002C85CD /* umbagog.jpg in Resources */,
				9BA910CE2516875B002C85CD /* yukon_charleyrivers.jpg in Resources */,
				9BA910D82516875B002C85CD /* turtlerock.jpg in Resources */,
			);
			runOnlyForDeploymentPostprocessing = 0;
		};
/* End PBXResourcesBuildPhase section */

/* Begin PBXSourcesBuildPhase section */
		9B6BA78225155BE800CA2C4C /* Sources */ = {
			isa = PBXSourcesBuildPhase;
			buildActionMask = 2147483647;
			files = (
				9B6BA78C25155BE800CA2C4C /* LandmarkDetail.swift in Sources */,
				9B6BA79B251564AE00CA2C4C /* MapView.swift in Sources */,
				9B3A129825167BF3009F4750 /* LandmarkRow.swift in Sources */,
				9B3A129A25167DF6009F4750 /* LandmarkList.swift in Sources */,
				9B6BA78A25155BE800CA2C4C /* LandmarksApp.swift in Sources */,
				9B6BA799251561A600CA2C4C /* CircleImage.swift in Sources */,
				9B6BA79E2515704800CA2C4C /* Landmark.swift in Sources */,
				9B3A129C251680B0009F4750 /* Data.swift in Sources */,
			);
			runOnlyForDeploymentPostprocessing = 0;
		};
/* End PBXSourcesBuildPhase section */

/* Begin XCBuildConfiguration section */
		9B6BA79325155BEC00CA2C4C /* Debug */ = {
			isa = XCBuildConfiguration;
			buildSettings = {
				ALWAYS_SEARCH_USER_PATHS = NO;
				CLANG_ANALYZER_NONNULL = YES;
				CLANG_ANALYZER_NUMBER_OBJECT_CONVERSION = YES_AGGRESSIVE;
				CLANG_CXX_LANGUAGE_STANDARD = "gnu++14";
				CLANG_CXX_LIBRARY = "libc++";
				CLANG_ENABLE_MODULES = YES;
				CLANG_ENABLE_OBJC_ARC = YES;
				CLANG_ENABLE_OBJC_WEAK = YES;
				CLANG_WARN_BLOCK_CAPTURE_AUTORELEASING = YES;
				CLANG_WARN_BOOL_CONVERSION = YES;
				CLANG_WARN_COMMA = YES;
				CLANG_WARN_CONSTANT_CONVERSION = YES;
				CLANG_WARN_DEPRECATED_OBJC_IMPLEMENTATIONS = YES;
				CLANG_WARN_DIRECT_OBJC_ISA_USAGE = YES_ERROR;
				CLANG_WARN_DOCUMENTATION_COMMENTS = YES;
				CLANG_WARN_EMPTY_BODY = YES;
				CLANG_WARN_ENUM_CONVERSION = YES;
				CLANG_WARN_INFINITE_RECURSION = YES;
				CLANG_WARN_INT_CONVERSION = YES;
				CLANG_WARN_NON_LITERAL_NULL_CONVERSION = YES;
				CLANG_WARN_OBJC_IMPLICIT_RETAIN_SELF = YES;
				CLANG_WARN_OBJC_LITERAL_CONVERSION = YES;
				CLANG_WARN_OBJC_ROOT_CLASS = YES_ERROR;
				CLANG_WARN_QUOTED_INCLUDE_IN_FRAMEWORK_HEADER = YES;
				CLANG_WARN_RANGE_LOOP_ANALYSIS = YES;
				CLANG_WARN_STRICT_PROTOTYPES = YES;
				CLANG_WARN_SUSPICIOUS_MOVE = YES;
				CLANG_WARN_UNGUARDED_AVAILABILITY = YES_AGGRESSIVE;
				CLANG_WARN_UNREACHABLE_CODE = YES;
				CLANG_WARN__DUPLICATE_METHOD_MATCH = YES;
				COPY_PHASE_STRIP = NO;
				DEBUG_INFORMATION_FORMAT = dwarf;
				ENABLE_STRICT_OBJC_MSGSEND = YES;
				ENABLE_TESTABILITY = YES;
				GCC_C_LANGUAGE_STANDARD = gnu11;
				GCC_DYNAMIC_NO_PIC = NO;
				GCC_NO_COMMON_BLOCKS = YES;
				GCC_OPTIMIZATION_LEVEL = 0;
				GCC_PREPROCESSOR_DEFINITIONS = (
					"DEBUG=1",
					"$(inherited)",
				);
				GCC_WARN_64_TO_32_BIT_CONVERSION = YES;
				GCC_WARN_ABOUT_RETURN_TYPE = YES_ERROR;
				GCC_WARN_UNDECLARED_SELECTOR = YES;
				GCC_WARN_UNINITIALIZED_AUTOS = YES_AGGRESSIVE;
				GCC_WARN_UNUSED_FUNCTION = YES;
				GCC_WARN_UNUSED_VARIABLE = YES;
				IPHONEOS_DEPLOYMENT_TARGET = 14.0;
				MTL_ENABLE_DEBUG_INFO = INCLUDE_SOURCE;
				MTL_FAST_MATH = YES;
				ONLY_ACTIVE_ARCH = YES;
				SDKROOT = iphoneos;
				SWIFT_ACTIVE_COMPILATION_CONDITIONS = DEBUG;
				SWIFT_OPTIMIZATION_LEVEL = "-Onone";
			};
			name = Debug;
		};
		9B6BA79425155BEC00CA2C4C /* Release */ = {
			isa = XCBuildConfiguration;
			buildSettings = {
				ALWAYS_SEARCH_USER_PATHS = NO;
				CLANG_ANALYZER_NONNULL = YES;
				CLANG_ANALYZER_NUMBER_OBJECT_CONVERSION = YES_AGGRESSIVE;
				CLANG_CXX_LANGUAGE_STANDARD = "gnu++14";
				CLANG_CXX_LIBRARY = "libc++";
				CLANG_ENABLE_MODULES = YES;
				CLANG_ENABLE_OBJC_ARC = YES;
				CLANG_ENABLE_OBJC_WEAK = YES;
				CLANG_WARN_BLOCK_CAPTURE_AUTORELEASING = YES;
				CLANG_WARN_BOOL_CONVERSION = YES;
				CLANG_WARN_COMMA = YES;
				CLANG_WARN_CONSTANT_CONVERSION = YES;
				CLANG_WARN_DEPRECATED_OBJC_IMPLEMENTATIONS = YES;
				CLANG_WARN_DIRECT_OBJC_ISA_USAGE = YES_ERROR;
				CLANG_WARN_DOCUMENTATION_COMMENTS = YES;
				CLANG_WARN_EMPTY_BODY = YES;
				CLANG_WARN_ENUM_CONVERSION = YES;
				CLANG_WARN_INFINITE_RECURSION = YES;
				CLANG_WARN_INT_CONVERSION = YES;
				CLANG_WARN_NON_LITERAL_NULL_CONVERSION = YES;
				CLANG_WARN_OBJC_IMPLICIT_RETAIN_SELF = YES;
				CLANG_WARN_OBJC_LITERAL_CONVERSION = YES;
				CLANG_WARN_OBJC_ROOT_CLASS = YES_ERROR;
				CLANG_WARN_QUOTED_INCLUDE_IN_FRAMEWORK_HEADER = YES;
				CLANG_WARN_RANGE_LOOP_ANALYSIS = YES;
				CLANG_WARN_STRICT_PROTOTYPES = YES;
				CLANG_WARN_SUSPICIOUS_MOVE = YES;
				CLANG_WARN_UNGUARDED_AVAILABILITY = YES_AGGRESSIVE;
				CLANG_WARN_UNREACHABLE_CODE = YES;
				CLANG_WARN__DUPLICATE_METHOD_MATCH = YES;
				COPY_PHASE_STRIP = NO;
				DEBUG_INFORMATION_FORMAT = "dwarf-with-dsym";
				ENABLE_NS_ASSERTIONS = NO;
				ENABLE_STRICT_OBJC_MSGSEND = YES;
				GCC_C_LANGUAGE_STANDARD = gnu11;
				GCC_NO_COMMON_BLOCKS = YES;
				GCC_WARN_64_TO_32_BIT_CONVERSION = YES;
				GCC_WARN_ABOUT_RETURN_TYPE = YES_ERROR;
				GCC_WARN_UNDECLARED_SELECTOR = YES;
				GCC_WARN_UNINITIALIZED_AUTOS = YES_AGGRESSIVE;
				GCC_WARN_UNUSED_FUNCTION = YES;
				GCC_WARN_UNUSED_VARIABLE = YES;
				IPHONEOS_DEPLOYMENT_TARGET = 14.0;
				MTL_ENABLE_DEBUG_INFO = NO;
				MTL_FAST_MATH = YES;
				SDKROOT = iphoneos;
				SWIFT_COMPILATION_MODE = wholemodule;
				SWIFT_OPTIMIZATION_LEVEL = "-O";
				VALIDATE_PRODUCT = YES;
			};
			name = Release;
		};
		9B6BA79625155BEC00CA2C4C /* Debug */ = {
			isa = XCBuildConfiguration;
			buildSettings = {
				ASSETCATALOG_COMPILER_APPICON_NAME = AppIcon;
				ASSETCATALOG_COMPILER_GLOBAL_ACCENT_COLOR_NAME = AccentColor;
				CODE_SIGN_STYLE = Automatic;
				DEVELOPMENT_ASSET_PATHS = "\"Landmarks/Preview Content\"";
				DEVELOPMENT_TEAM = 25M2YHUYP7;
				ENABLE_PREVIEWS = YES;
				INFOPLIST_FILE = Landmarks/Info.plist;
				IPHONEOS_DEPLOYMENT_TARGET = 14.0;
				LD_RUNPATH_SEARCH_PATHS = (
					"$(inherited)",
					"@executable_path/Frameworks",
				);
				PRODUCT_BUNDLE_IDENTIFIER = br.com.gabrielhsp.Landmarks;
				PRODUCT_NAME = "$(TARGET_NAME)";
				SWIFT_VERSION = 5.0;
				TARGETED_DEVICE_FAMILY = "1,2";
			};
			name = Debug;
		};
		9B6BA79725155BEC00CA2C4C /* Release */ = {
			isa = XCBuildConfiguration;
			buildSettings = {
				ASSETCATALOG_COMPILER_APPICON_NAME = AppIcon;
				ASSETCATALOG_COMPILER_GLOBAL_ACCENT_COLOR_NAME = AccentColor;
				CODE_SIGN_STYLE = Automatic;
				DEVELOPMENT_ASSET_PATHS = "\"Landmarks/Preview Content\"";
				DEVELOPMENT_TEAM = 25M2YHUYP7;
				ENABLE_PREVIEWS = YES;
				INFOPLIST_FILE = Landmarks/Info.plist;
				IPHONEOS_DEPLOYMENT_TARGET = 14.0;
				LD_RUNPATH_SEARCH_PATHS = (
					"$(inherited)",
					"@executable_path/Frameworks",
				);
				PRODUCT_BUNDLE_IDENTIFIER = br.com.gabrielhsp.Landmarks;
				PRODUCT_NAME = "$(TARGET_NAME)";
				SWIFT_VERSION = 5.0;
				TARGETED_DEVICE_FAMILY = "1,2";
			};
			name = Release;
		};
/* End XCBuildConfiguration section */

/* Begin XCConfigurationList section */
		9B6BA78125155BE800CA2C4C /* Build configuration list for PBXProject "Landmarks" */ = {
			isa = XCConfigurationList;
			buildConfigurations = (
				9B6BA79325155BEC00CA2C4C /* Debug */,
				9B6BA79425155BEC00CA2C4C /* Release */,
			);
			defaultConfigurationIsVisible = 0;
			defaultConfigurationName = Release;
		};
		9B6BA79525155BEC00CA2C4C /* Build configuration list for PBXNativeTarget "Landmarks" */ = {
			isa = XCConfigurationList;
			buildConfigurations = (
				9B6BA79625155BEC00CA2C4C /* Debug */,
				9B6BA79725155BEC00CA2C4C /* Release */,
			);
			defaultConfigurationIsVisible = 0;
			defaultConfigurationName = Release;
		};
/* End XCConfigurationList section */
	};
	rootObject = 9B6BA77E25155BE800CA2C4C /* Project object */;
}
